
Microsoft Visual Studio Solution File, Format Version 12.00
# Visual Studio 15
VisualStudioVersion = 15.0.28010.2019
MinimumVisualStudioVersion = 10.0.40219.1
Project("{8BC9CEB8-8B4A-11D0-8D11-00A0C91BC942}") = "minimization", "minimization\minimization.vcxproj", "{C5E5878D-5148-405C-8E7A-D3FA3A8EDB63}"
EndProject
Global
	GlobalSection(SolutionConfigurationPlatforms) = preSolution
		Debug|x64 = Debug|x64
		Debug|x86 = Debug|x86
		Release|x64 = Release|x64
		Release|x86 = Release|x86
	EndGlobalSection
	GlobalSection(ProjectConfigurationPlatforms) = postSolution
		{C5E5878D-5148-405C-8E7A-D3FA3A8EDB63}.Debug|x64.ActiveCfg = Debug|x64
		{C5E5878D-5148-405C-8E7A-D3FA3A8EDB63}.Debug|x64.Build.0 = Debug|x64
		{C5E5878D-5148-405C-8E7A-D3FA3A8EDB63}.Debug|x86.ActiveCfg = Debug|Win32
		{C5E5878D-5148-405C-8E7A-D3FA3A8EDB63}.Debug|x86.Build.0 = Debug|Win32
		{C5E5878D-5148-405C-8E7A-D3FA3A8EDB63}.Release|x64.ActiveCfg = Release|x64
		{C5E5878D-5148-405C-8E7A-D3FA3A8EDB63}.Release|x64.Build.0 = Release|x64
		{C5E5878D-5148-405C-8E7A-D3FA3A8EDB63}.Release|x86.ActiveCfg = Release|Win32
		{C5E5878D-5148-405C-8E7A-D3FA3A8EDB63}.Release|x86.Build.0 = Release|Win32
	EndGlobalSection
	GlobalSection(SolutionProperties) = preSolution
		HideSolutionNode = FALSE
	EndGlobalSection
	GlobalSection(ExtensibilityGlobals) = postSolution
		SolutionGuid = {F8927536-C7E0-4F3C-B01C-44F8A0669854}
	EndGlobalSection
EndGlobal
